
Microsoft Visual Studio Solution File, Format Version 12.00
# Visual Studio Version 17
VisualStudioVersion = 17.13.35931.197 d17.13
MinimumVisualStudioVersion = 10.0.40219.1
Project("{FAE04EC0-301F-11D3-BF4B-00C04F79EFBC}") = "CommandoOOP", "CommandoOOP.csproj", "{8831B8B0-6B3C-4F14-B7EC-83C8A85100E9}"
EndProject
Global
	GlobalSection(SolutionConfigurationPlatforms) = preSolution
		Debug|Any CPU = Debug|Any CPU
		Release|Any CPU = Release|Any CPU
	EndGlobalSection
	GlobalSection(ProjectConfigurationPlatforms) = postSolution
		{8831B8B0-6B3C-4F14-B7EC-83C8A85100E9}.Debug|Any CPU.ActiveCfg = Debug|Any CPU
		{8831B8B0-6B3C-4F14-B7EC-83C8A85100E9}.Debug|Any CPU.Build.0 = Debug|Any CPU
		{8831B8B0-6B3C-4F14-B7EC-83C8A85100E9}.Release|Any CPU.ActiveCfg = Release|Any CPU
		{8831B8B0-6B3C-4F14-B7EC-83C8A85100E9}.Release|Any CPU.Build.0 = Release|Any CPU
	EndGlobalSection
	GlobalSection(SolutionProperties) = preSolution
		HideSolutionNode = FALSE
	EndGlobalSection
	GlobalSection(ExtensibilityGlobals) = postSolution
		SolutionGuid = {510C531F-DC5E-40DB-BDAC-723D067190AB}
	EndGlobalSection
EndGlobal
